
Microsoft Visual Studio Solution File, Format Version 12.00
# Visual Studio Version 16
VisualStudioVersion = 16.0.29728.190
MinimumVisualStudioVersion = 10.0.40219.1
Project("{FAE04EC0-301F-11D3-BF4B-00C04F79EFBC}") = "DeploymentTools", "DeploymentTools\DeploymentTools.csproj", "{CF9F5766-F2BE-46F9-9EA2-48CC8ADBD2EC}"
EndProject
Global
	GlobalSection(SolutionConfigurationPlatforms) = preSolution
		Debug|Any CPU = Debug|Any CPU
		Release|Any CPU = Release|Any CPU
	EndGlobalSection
	GlobalSection(ProjectConfigurationPlatforms) = postSolution
		{CF9F5766-F2BE-46F9-9EA2-48CC8ADBD2EC}.Debug|Any CPU.ActiveCfg = Debug|Any CPU
		{CF9F5766-F2BE-46F9-9EA2-48CC8ADBD2EC}.Debug|Any CPU.Build.0 = Debug|Any CPU
		{CF9F5766-F2BE-46F9-9EA2-48CC8ADBD2EC}.Release|Any CPU.ActiveCfg = Release|Any CPU
		{CF9F5766-F2BE-46F9-9EA2-48CC8ADBD2EC}.Release|Any CPU.Build.0 = Release|Any CPU
	EndGlobalSection
	GlobalSection(SolutionProperties) = preSolution
		HideSolutionNode = FALSE
	EndGlobalSection
	GlobalSection(ExtensibilityGlobals) = postSolution
		SolutionGuid = {609980A2-1BA7-48F0-BA07-779FEC8C6393}
	EndGlobalSection
EndGlobal
